
Microsoft Visual Studio Solution File, Format Version 12.00
# Visual Studio Version 17
VisualStudioVersion = 17.7.34031.279
MinimumVisualStudioVersion = 10.0.40219.1
Project("{9A19103F-16F7-4668-BE54-9A1E7A4F7556}") = "Music Guide", "Music Guide.csproj", "{8BCE246A-E884-4255-BAAE-A8F3284736F5}"
EndProject
Global
	GlobalSection(SolutionConfigurationPlatforms) = preSolution
		Debug|Any CPU = Debug|Any CPU
		Release|Any CPU = Release|Any CPU
	EndGlobalSection
	GlobalSection(ProjectConfigurationPlatforms) = postSolution
		{8BCE246A-E884-4255-BAAE-A8F3284736F5}.Debug|Any CPU.ActiveCfg = Debug|Any CPU
		{8BCE246A-E884-4255-BAAE-A8F3284736F5}.Debug|Any CPU.Build.0 = Debug|Any CPU
		{8BCE246A-E884-4255-BAAE-A8F3284736F5}.Release|Any CPU.ActiveCfg = Release|Any CPU
		{8BCE246A-E884-4255-BAAE-A8F3284736F5}.Release|Any CPU.Build.0 = Release|Any CPU
	EndGlobalSection
	GlobalSection(SolutionProperties) = preSolution
		HideSolutionNode = FALSE
	EndGlobalSection
	GlobalSection(ExtensibilityGlobals) = postSolution
		SolutionGuid = {7D4DF769-1289-4346-85C8-FC7B6051ADD5}
	EndGlobalSection
EndGlobal
